
Microsoft Visual Studio Solution File, Format Version 12.00
# Visual Studio Version 17
VisualStudioVersion = 17.0.31903.59
MinimumVisualStudioVersion = 10.0.40219.1
Project("{FAE04EC0-301F-11D3-BF4B-00C04F79EFBC}") = "Pipelines", "Pipelines\Pipelines.csproj", "{3906F22E-4A8C-40F0-9F4B-31E35F0CFB89}"
EndProject
Project("{FAE04EC0-301F-11D3-BF4B-00C04F79EFBC}") = "Pipelines.Tests", "Pipelines.Tests\Pipelines.Tests.csproj", "{530355A1-39CE-4F2A-A3A9-9F1EC7C6D158}"
EndProject
Global
	GlobalSection(SolutionConfigurationPlatforms) = preSolution
		Debug|Any CPU = Debug|Any CPU
		Release|Any CPU = Release|Any CPU
	EndGlobalSection
	GlobalSection(SolutionProperties) = preSolution
		HideSolutionNode = FALSE
	EndGlobalSection
	GlobalSection(ProjectConfigurationPlatforms) = postSolution
		{3906F22E-4A8C-40F0-9F4B-31E35F0CFB89}.Debug|Any CPU.ActiveCfg = Debug|Any CPU
		{3906F22E-4A8C-40F0-9F4B-31E35F0CFB89}.Debug|Any CPU.Build.0 = Debug|Any CPU
		{3906F22E-4A8C-40F0-9F4B-31E35F0CFB89}.Release|Any CPU.ActiveCfg = Release|Any CPU
		{3906F22E-4A8C-40F0-9F4B-31E35F0CFB89}.Release|Any CPU.Build.0 = Release|Any CPU
		{530355A1-39CE-4F2A-A3A9-9F1EC7C6D158}.Debug|Any CPU.ActiveCfg = Debug|Any CPU
		{530355A1-39CE-4F2A-A3A9-9F1EC7C6D158}.Debug|Any CPU.Build.0 = Debug|Any CPU
		{530355A1-39CE-4F2A-A3A9-9F1EC7C6D158}.Release|Any CPU.ActiveCfg = Release|Any CPU
		{530355A1-39CE-4F2A-A3A9-9F1EC7C6D158}.Release|Any CPU.Build.0 = Release|Any CPU
	EndGlobalSection
EndGlobal
